
Microsoft Visual Studio Solution File, Format Version 12.00
# Visual Studio Version 17
VisualStudioVersion = 17.8.34525.116
MinimumVisualStudioVersion = 10.0.40219.1
Project("{FAE04EC0-301F-11D3-BF4B-00C04F79EFBC}") = "ProdutosWebApi", "ProdutosWebApi\ProdutosWebApi.csproj", "{7152E45C-9CC8-4B16-8CE6-C11EE7C03D72}"
EndProject
Global
	GlobalSection(SolutionConfigurationPlatforms) = preSolution
		Debug|Any CPU = Debug|Any CPU
		Release|Any CPU = Release|Any CPU
	EndGlobalSection
	GlobalSection(ProjectConfigurationPlatforms) = postSolution
		{7152E45C-9CC8-4B16-8CE6-C11EE7C03D72}.Debug|Any CPU.ActiveCfg = Debug|Any CPU
		{7152E45C-9CC8-4B16-8CE6-C11EE7C03D72}.Debug|Any CPU.Build.0 = Debug|Any CPU
		{7152E45C-9CC8-4B16-8CE6-C11EE7C03D72}.Release|Any CPU.ActiveCfg = Release|Any CPU
		{7152E45C-9CC8-4B16-8CE6-C11EE7C03D72}.Release|Any CPU.Build.0 = Release|Any CPU
	EndGlobalSection
	GlobalSection(SolutionProperties) = preSolution
		HideSolutionNode = FALSE
	EndGlobalSection
	GlobalSection(ExtensibilityGlobals) = postSolution
		SolutionGuid = {B5CFA750-50EC-45C7-A774-F271E6C522C4}
	EndGlobalSection
EndGlobal
